
Microsoft Visual Studio Solution File, Format Version 12.00
# Visual Studio Version 17
VisualStudioVersion = 17.8.34316.72
MinimumVisualStudioVersion = 10.0.40219.1
Project("{FAE04EC0-301F-11D3-BF4B-00C04F79EFBC}") = "WelcomePage", "WelcomePage\WelcomePage.csproj", "{EFD178D4-3EFB-454B-A23F-BB2CC9925E1A}"
EndProject
Global
	GlobalSection(SolutionConfigurationPlatforms) = preSolution
		Debug|Any CPU = Debug|Any CPU
		Release|Any CPU = Release|Any CPU
	EndGlobalSection
	GlobalSection(ProjectConfigurationPlatforms) = postSolution
		{EFD178D4-3EFB-454B-A23F-BB2CC9925E1A}.Debug|Any CPU.ActiveCfg = Debug|Any CPU
		{EFD178D4-3EFB-454B-A23F-BB2CC9925E1A}.Debug|Any CPU.Build.0 = Debug|Any CPU
		{EFD178D4-3EFB-454B-A23F-BB2CC9925E1A}.Release|Any CPU.ActiveCfg = Release|Any CPU
		{EFD178D4-3EFB-454B-A23F-BB2CC9925E1A}.Release|Any CPU.Build.0 = Release|Any CPU
	EndGlobalSection
	GlobalSection(SolutionProperties) = preSolution
		HideSolutionNode = FALSE
	EndGlobalSection
	GlobalSection(ExtensibilityGlobals) = postSolution
		SolutionGuid = {83A8893E-87D9-4C6A-B121-D65C1268EEA5}
	EndGlobalSection
EndGlobal
