
Microsoft Visual Studio Solution File, Format Version 12.00
# Visual Studio Version 17
VisualStudioVersion = 17.8.34316.72
MinimumVisualStudioVersion = 10.0.40219.1
Project("{FAE04EC0-301F-11D3-BF4B-00C04F79EFBC}") = "Terminal component", "Terminal component\Terminal component.csproj", "{69995AB8-83A9-4E4C-B698-D97FB7D17DCB}"
EndProject
Global
	GlobalSection(SolutionConfigurationPlatforms) = preSolution
		Debug|Any CPU = Debug|Any CPU
		Release|Any CPU = Release|Any CPU
	EndGlobalSection
	GlobalSection(ProjectConfigurationPlatforms) = postSolution
		{69995AB8-83A9-4E4C-B698-D97FB7D17DCB}.Debug|Any CPU.ActiveCfg = Debug|Any CPU
		{69995AB8-83A9-4E4C-B698-D97FB7D17DCB}.Debug|Any CPU.Build.0 = Debug|Any CPU
		{69995AB8-83A9-4E4C-B698-D97FB7D17DCB}.Release|Any CPU.ActiveCfg = Release|Any CPU
		{69995AB8-83A9-4E4C-B698-D97FB7D17DCB}.Release|Any CPU.Build.0 = Release|Any CPU
	EndGlobalSection
	GlobalSection(SolutionProperties) = preSolution
		HideSolutionNode = FALSE
	EndGlobalSection
	GlobalSection(ExtensibilityGlobals) = postSolution
		SolutionGuid = {43072BA8-85A3-4DFB-971A-B3D23B3EA593}
	EndGlobalSection
EndGlobal
