
Microsoft Visual Studio Solution File, Format Version 12.00
# Visual Studio Version 17
VisualStudioVersion = 17.4.33122.133
MinimumVisualStudioVersion = 10.0.40219.1
Project("{FAE04EC0-301F-11D3-BF4B-00C04F79EFBC}") = "AspNetCore.Validation.StudentsDb", "AspNetCore.Validation.StudentsDb\AspNetCore.Validation.StudentsDb.csproj", "{3655ACD5-561A-4751-A3C4-275B0AE30E86}"
EndProject
Global
	GlobalSection(SolutionConfigurationPlatforms) = preSolution
		Debug|Any CPU = Debug|Any CPU
		Release|Any CPU = Release|Any CPU
	EndGlobalSection
	GlobalSection(ProjectConfigurationPlatforms) = postSolution
		{3655ACD5-561A-4751-A3C4-275B0AE30E86}.Debug|Any CPU.ActiveCfg = Debug|Any CPU
		{3655ACD5-561A-4751-A3C4-275B0AE30E86}.Debug|Any CPU.Build.0 = Debug|Any CPU
		{3655ACD5-561A-4751-A3C4-275B0AE30E86}.Release|Any CPU.ActiveCfg = Release|Any CPU
		{3655ACD5-561A-4751-A3C4-275B0AE30E86}.Release|Any CPU.Build.0 = Release|Any CPU
	EndGlobalSection
	GlobalSection(SolutionProperties) = preSolution
		HideSolutionNode = FALSE
	EndGlobalSection
	GlobalSection(ExtensibilityGlobals) = postSolution
		SolutionGuid = {A08E47CB-615C-4FBB-B5E8-9E87BD4FE816}
	EndGlobalSection
EndGlobal
